
Microsoft Visual Studio Solution File, Format Version 12.00
# Visual Studio Version 17
VisualStudioVersion = 17.8.34330.188
MinimumVisualStudioVersion = 10.0.40219.1
Project("{FAE04EC0-301F-11D3-BF4B-00C04F79EFBC}") = "AddressBookConsole", "AddressBookConsole\AddressBookConsole.csproj", "{16EE3875-206D-41E4-8726-3E8B37B5FCA0}"
EndProject
Project("{FAE04EC0-301F-11D3-BF4B-00C04F79EFBC}") = "AddressBookShared", "AddressBookShared\AddressBookShared.csproj", "{BC047720-6DFD-4CB5-86A6-6A5F32B8B9A1}"
EndProject
Global
	GlobalSection(SolutionConfigurationPlatforms) = preSolution
		Debug|Any CPU = Debug|Any CPU
		Release|Any CPU = Release|Any CPU
	EndGlobalSection
	GlobalSection(ProjectConfigurationPlatforms) = postSolution
		{16EE3875-206D-41E4-8726-3E8B37B5FCA0}.Debug|Any CPU.ActiveCfg = Debug|Any CPU
		{16EE3875-206D-41E4-8726-3E8B37B5FCA0}.Debug|Any CPU.Build.0 = Debug|Any CPU
		{16EE3875-206D-41E4-8726-3E8B37B5FCA0}.Release|Any CPU.ActiveCfg = Release|Any CPU
		{16EE3875-206D-41E4-8726-3E8B37B5FCA0}.Release|Any CPU.Build.0 = Release|Any CPU
		{BC047720-6DFD-4CB5-86A6-6A5F32B8B9A1}.Debug|Any CPU.ActiveCfg = Debug|Any CPU
		{BC047720-6DFD-4CB5-86A6-6A5F32B8B9A1}.Debug|Any CPU.Build.0 = Debug|Any CPU
		{BC047720-6DFD-4CB5-86A6-6A5F32B8B9A1}.Release|Any CPU.ActiveCfg = Release|Any CPU
		{BC047720-6DFD-4CB5-86A6-6A5F32B8B9A1}.Release|Any CPU.Build.0 = Release|Any CPU
	EndGlobalSection
	GlobalSection(SolutionProperties) = preSolution
		HideSolutionNode = FALSE
	EndGlobalSection
	GlobalSection(ExtensibilityGlobals) = postSolution
		SolutionGuid = {95A0B5B3-BD02-44CF-AB3C-97DF2792D811}
	EndGlobalSection
EndGlobal
